{
  "name": "phantomjs-prebuilt",
  "version": "2.1.14",
  "lockfileVersion": 1,
  "requires": true,
  "dependencies": {
    "request-progress": {
      "version": "2.0.1",
      "resolved": "https://registry.npm.taobao.org/request-progress/download/request-progress-2.0.1.tgz",
      "integrity": "sha1-XTa7V5YcZzqlt4jbyBQf3yO0Tgg=",
      "requires": {
        "throttleit": "^1.0.0"
      }
    },
    "throttleit": {
      "version": "1.0.0",
      "resolved": "https://registry.nlark.com/throttleit/download/throttleit-1.0.0.tgz",
      "integrity": "sha1-nnhYNtr0Z0MUWlmEtiaNgoUorGw="
    }
  }
}
